// !$*UTF8*$!
{
	archiveVersion = 1;
	classes = {
	};
	objectVersion = 55;
	objects = {

/* Begin PBXBuildFile section */
		9C775AA4292B03ED0000AABB /* CitySightsApp.swift in Sources */ = {isa = PBXBuildFile; fileRef = 9C775AA3292B03ED0000AABB /* CitySightsApp.swift */; };
		9C775AA6292B03ED0000AABB /* LaunchView.swift in Sources */ = {isa = PBXBuildFile; fileRef = 9C775AA5292B03ED0000AABB /* LaunchView.swift */; };
		9C775AA8292B03EF0000AABB /* Assets.xcassets in Resources */ = {isa = PBXBuildFile; fileRef = 9C775AA7292B03EF0000AABB /* Assets.xcassets */; };
		9C775AAB292B03EF0000AABB /* Preview Assets.xcassets in Resources */ = {isa = PBXBuildFile; fileRef = 9C775AAA292B03EF0000AABB /* Preview Assets.xcassets */; };
		9C775AB5292B06D70000AABB /* ContentModel.swift in Sources */ = {isa = PBXBuildFile; fileRef = 9C775AB4292B06D70000AABB /* ContentModel.swift */; };
		9C813CAB292BD54B00794EFD /* Business.swift in Sources */ = {isa = PBXBuildFile; fileRef = 9C813CAA292BD54B00794EFD /* Business.swift */; };
		9C813CAD292BD8B600794EFD /* BusinessSearch.swift in Sources */ = {isa = PBXBuildFile; fileRef = 9C813CAC292BD8B600794EFD /* BusinessSearch.swift */; };
		9C813CB0292BDCD300794EFD /* Constants.swift in Sources */ = {isa = PBXBuildFile; fileRef = 9C813CAF292BDCD300794EFD /* Constants.swift */; };
		9C813CB2292C2A2200794EFD /* OnboardingView.swift in Sources */ = {isa = PBXBuildFile; fileRef = 9C813CB1292C2A2200794EFD /* OnboardingView.swift */; };
		9C813CB8292C2A5D00794EFD /* HomeView.swift in Sources */ = {isa = PBXBuildFile; fileRef = 9C813CB7292C2A5D00794EFD /* HomeView.swift */; };
		9C813CBB292C378500794EFD /* BusinessList.swift in Sources */ = {isa = PBXBuildFile; fileRef = 9C813CBA292C378500794EFD /* BusinessList.swift */; };
		9C813CBD292C44C400794EFD /* BusinessSectionHeader.swift in Sources */ = {isa = PBXBuildFile; fileRef = 9C813CBC292C44C400794EFD /* BusinessSectionHeader.swift */; };
/* End PBXBuildFile section */

/* Begin PBXFileReference section */
		9C775AA0292B03ED0000AABB /* CitySights.app */ = {isa = PBXFileReference; explicitFileType = wrapper.application; includeInIndex = 0; path = CitySights.app; sourceTree = BUILT_PRODUCTS_DIR; };
		9C775AA3292B03ED0000AABB /* CitySightsApp.swift */ = {isa = PBXFileReference; lastKnownFileType = sourcecode.swift; path = CitySightsApp.swift; sourceTree = "<group>"; };
		9C775AA5292B03ED0000AABB /* LaunchView.swift */ = {isa = PBXFileReference; lastKnownFileType = sourcecode.swift; path = LaunchView.swift; sourceTree = "<group>"; };
		9C775AA7292B03EF0000AABB /* Assets.xcassets */ = {isa = PBXFileReference; lastKnownFileType = folder.assetcatalog; path = Assets.xcassets; sourceTree = "<group>"; };
		9C775AAA292B03EF0000AABB /* Preview Assets.xcassets */ = {isa = PBXFileReference; lastKnownFileType = folder.assetcatalog; path = "Preview Assets.xcassets"; sourceTree = "<group>"; };
		9C775AB4292B06D70000AABB /* ContentModel.swift */ = {isa = PBXFileReference; lastKnownFileType = sourcecode.swift; path = ContentModel.swift; sourceTree = "<group>"; };
		9C813CAA292BD54B00794EFD /* Business.swift */ = {isa = PBXFileReference; lastKnownFileType = sourcecode.swift; path = Business.swift; sourceTree = "<group>"; };
		9C813CAC292BD8B600794EFD /* BusinessSearch.swift */ = {isa = PBXFileReference; lastKnownFileType = sourcecode.swift; path = BusinessSearch.swift; sourceTree = "<group>"; };
		9C813CAF292BDCD300794EFD /* Constants.swift */ = {isa = PBXFileReference; lastKnownFileType = sourcecode.swift; path = Constants.swift; sourceTree = "<group>"; };
		9C813CB1292C2A2200794EFD /* OnboardingView.swift */ = {isa = PBXFileReference; lastKnownFileType = sourcecode.swift; path = OnboardingView.swift; sourceTree = "<group>"; };
		9C813CB7292C2A5D00794EFD /* HomeView.swift */ = {isa = PBXFileReference; lastKnownFileType = sourcecode.swift; path = HomeView.swift; sourceTree = "<group>"; };
		9C813CBA292C378500794EFD /* BusinessList.swift */ = {isa = PBXFileReference; lastKnownFileType = sourcecode.swift; path = BusinessList.swift; sourceTree = "<group>"; };
		9C813CBC292C44C400794EFD /* BusinessSectionHeader.swift */ = {isa = PBXFileReference; lastKnownFileType = sourcecode.swift; path = BusinessSectionHeader.swift; sourceTree = "<group>"; };
/* End PBXFileReference section */

/* Begin PBXFrameworksBuildPhase section */
		9C775A9D292B03ED0000AABB /* Frameworks */ = {
			isa = PBXFrameworksBuildPhase;
			buildActionMask = 2147483647;
			files = (
			);
			runOnlyForDeploymentPostprocessing = 0;
		};
/* End PBXFrameworksBuildPhase section */

/* Begin PBXGroup section */
		9C775A97292B03ED0000AABB = {
			isa = PBXGroup;
			children = (
				9C775AA2292B03ED0000AABB /* CitySights */,
				9C775AA1292B03ED0000AABB /* Products */,
			);
			sourceTree = "<group>";
		};
		9C775AA1292B03ED0000AABB /* Products */ = {
			isa = PBXGroup;
			children = (
				9C775AA0292B03ED0000AABB /* CitySights.app */,
			);
			name = Products;
			sourceTree = "<group>";
		};
		9C775AA2292B03ED0000AABB /* CitySights */ = {
			isa = PBXGroup;
			children = (
				9C775AA3292B03ED0000AABB /* CitySightsApp.swift */,
				9C775AB3292B05A60000AABB /* Views */,
				9C775AB2292B059F0000AABB /* ViewModels */,
				9C775AB1292B05920000AABB /* Models */,
				9C813CAE292BDCB000794EFD /* Helpers */,
				9C775AA7292B03EF0000AABB /* Assets.xcassets */,
				9C775AA9292B03EF0000AABB /* Preview Content */,
			);
			path = CitySights;
			sourceTree = "<group>";
		};
		9C775AA9292B03EF0000AABB /* Preview Content */ = {
			isa = PBXGroup;
			children = (
				9C775AAA292B03EF0000AABB /* Preview Assets.xcassets */,
			);
			path = "Preview Content";
			sourceTree = "<group>";
		};
		9C775AB1292B05920000AABB /* Models */ = {
			isa = PBXGroup;
			children = (
				9C813CAA292BD54B00794EFD /* Business.swift */,
				9C813CAC292BD8B600794EFD /* BusinessSearch.swift */,
			);
			path = Models;
			sourceTree = "<group>";
		};
		9C775AB2292B059F0000AABB /* ViewModels */ = {
			isa = PBXGroup;
			children = (
				9C775AB4292B06D70000AABB /* ContentModel.swift */,
			);
			path = ViewModels;
			sourceTree = "<group>";
		};
		9C775AB3292B05A60000AABB /* Views */ = {
			isa = PBXGroup;
			children = (
				9C775AA5292B03ED0000AABB /* LaunchView.swift */,
				9C813CB3292C2A2800794EFD /* Home */,
				9C813CB4292C2A3100794EFD /* Denied */,
				9C813CB5292C2A3700794EFD /* Onboarding */,
			);
			path = Views;
			sourceTree = "<group>";
		};
		9C813CAE292BDCB000794EFD /* Helpers */ = {
			isa = PBXGroup;
			children = (
				9C813CAF292BDCD300794EFD /* Constants.swift */,
			);
			path = Helpers;
			sourceTree = "<group>";
		};
		9C813CB3292C2A2800794EFD /* Home */ = {
			isa = PBXGroup;
			children = (
				9C813CB9292C376C00794EFD /* List */,
				9C813CB7292C2A5D00794EFD /* HomeView.swift */,
			);
			path = Home;
			sourceTree = "<group>";
		};
		9C813CB4292C2A3100794EFD /* Denied */ = {
			isa = PBXGroup;
			children = (
			);
			path = Denied;
			sourceTree = "<group>";
		};
		9C813CB5292C2A3700794EFD /* Onboarding */ = {
			isa = PBXGroup;
			children = (
				9C813CB1292C2A2200794EFD /* OnboardingView.swift */,
			);
			path = Onboarding;
			sourceTree = "<group>";
		};
		9C813CB9292C376C00794EFD /* List */ = {
			isa = PBXGroup;
			children = (
				9C813CBA292C378500794EFD /* BusinessList.swift */,
				9C813CBC292C44C400794EFD /* BusinessSectionHeader.swift */,
			);
			path = List;
			sourceTree = "<group>";
		};
/* End PBXGroup section */

/* Begin PBXNativeTarget section */
		9C775A9F292B03ED0000AABB /* CitySights */ = {
			isa = PBXNativeTarget;
			buildConfigurationList = 9C775AAE292B03EF0000AABB /* Build configuration list for PBXNativeTarget "CitySights" */;
			buildPhases = (
				9C775A9C292B03ED0000AABB /* Sources */,
				9C775A9D292B03ED0000AABB /* Frameworks */,
				9C775A9E292B03ED0000AABB /* Resources */,
			);
			buildRules = (
			);
			dependencies = (
			);
			name = CitySights;
			productName = CitySights;
			productReference = 9C775AA0292B03ED0000AABB /* CitySights.app */;
			productType = "com.apple.product-type.application";
		};
/* End PBXNativeTarget section */

/* Begin PBXProject section */
		9C775A98292B03ED0000AABB /* Project object */ = {
			isa = PBXProject;
			attributes = {
				BuildIndependentTargetsInParallel = 1;
				LastSwiftUpdateCheck = 1340;
				LastUpgradeCheck = 1340;
				TargetAttributes = {
					9C775A9F292B03ED0000AABB = {
						CreatedOnToolsVersion = 13.4.1;
					};
				};
			};
			buildConfigurationList = 9C775A9B292B03ED0000AABB /* Build configuration list for PBXProject "CitySights" */;
			compatibilityVersion = "Xcode 13.0";
			developmentRegion = en;
			hasScannedForEncodings = 0;
			knownRegions = (
				en,
				Base,
			);
			mainGroup = 9C775A97292B03ED0000AABB;
			productRefGroup = 9C775AA1292B03ED0000AABB /* Products */;
			projectDirPath = "";
			projectRoot = "";
			targets = (
				9C775A9F292B03ED0000AABB /* CitySights */,
			);
		};
/* End PBXProject section */

/* Begin PBXResourcesBuildPhase section */
		9C775A9E292B03ED0000AABB /* Resources */ = {
			isa = PBXResourcesBuildPhase;
			buildActionMask = 2147483647;
			files = (
				9C775AAB292B03EF0000AABB /* Preview Assets.xcassets in Resources */,
				9C775AA8292B03EF0000AABB /* Assets.xcassets in Resources */,
			);
			runOnlyForDeploymentPostprocessing = 0;
		};
/* End PBXResourcesBuildPhase section */

/* Begin PBXSourcesBuildPhase section */
		9C775A9C292B03ED0000AABB /* Sources */ = {
			isa = PBXSourcesBuildPhase;
			buildActionMask = 2147483647;
			files = (
				9C775AA6292B03ED0000AABB /* LaunchView.swift in Sources */,
				9C813CAB292BD54B00794EFD /* Business.swift in Sources */,
				9C813CBD292C44C400794EFD /* BusinessSectionHeader.swift in Sources */,
				9C775AA4292B03ED0000AABB /* CitySightsApp.swift in Sources */,
				9C813CAD292BD8B600794EFD /* BusinessSearch.swift in Sources */,
				9C775AB5292B06D70000AABB /* ContentModel.swift in Sources */,
				9C813CBB292C378500794EFD /* BusinessList.swift in Sources */,
				9C813CB8292C2A5D00794EFD /* HomeView.swift in Sources */,
				9C813CB0292BDCD300794EFD /* Constants.swift in Sources */,
				9C813CB2292C2A2200794EFD /* OnboardingView.swift in Sources */,
			);
			runOnlyForDeploymentPostprocessing = 0;
		};
/* End PBXSourcesBuildPhase section */

/* Begin XCBuildConfiguration section */
		9C775AAC292B03EF0000AABB /* Debug */ = {
			isa = XCBuildConfiguration;
			buildSettings = {
				ALWAYS_SEARCH_USER_PATHS = NO;
				CLANG_ANALYZER_NONNULL = YES;
				CLANG_ANALYZER_NUMBER_OBJECT_CONVERSION = YES_AGGRESSIVE;
				CLANG_CXX_LANGUAGE_STANDARD = "gnu++17";
				CLANG_ENABLE_MODULES = YES;
				CLANG_ENABLE_OBJC_ARC = YES;
				CLANG_ENABLE_OBJC_WEAK = YES;
				CLANG_WARN_BLOCK_CAPTURE_AUTORELEASING = YES;
				CLANG_WARN_BOOL_CONVERSION = YES;
				CLANG_WARN_COMMA = YES;
				CLANG_WARN_CONSTANT_CONVERSION = YES;
				CLANG_WARN_DEPRECATED_OBJC_IMPLEMENTATIONS = YES;
				CLANG_WARN_DIRECT_OBJC_ISA_USAGE = YES_ERROR;
				CLANG_WARN_DOCUMENTATION_COMMENTS = YES;
				CLANG_WARN_EMPTY_BODY = YES;
				CLANG_WARN_ENUM_CONVERSION = YES;
				CLANG_WARN_INFINITE_RECURSION = YES;
				CLANG_WARN_INT_CONVERSION = YES;
				CLANG_WARN_NON_LITERAL_NULL_CONVERSION = YES;
				CLANG_WARN_OBJC_IMPLICIT_RETAIN_SELF = YES;
				CLANG_WARN_OBJC_LITERAL_CONVERSION = YES;
				CLANG_WARN_OBJC_ROOT_CLASS = YES_ERROR;
				CLANG_WARN_QUOTED_INCLUDE_IN_FRAMEWORK_HEADER = YES;
				CLANG_WARN_RANGE_LOOP_ANALYSIS = YES;
				CLANG_WARN_STRICT_PROTOTYPES = YES;
				CLANG_WARN_SUSPICIOUS_MOVE = YES;
				CLANG_WARN_UNGUARDED_AVAILABILITY = YES_AGGRESSIVE;
				CLANG_WARN_UNREACHABLE_CODE = YES;
				CLANG_WARN__DUPLICATE_METHOD_MATCH = YES;
				COPY_PHASE_STRIP = NO;
				DEBUG_INFORMATION_FORMAT = dwarf;
				ENABLE_STRICT_OBJC_MSGSEND = YES;
				ENABLE_TESTABILITY = YES;
				GCC_C_LANGUAGE_STANDARD = gnu11;
				GCC_DYNAMIC_NO_PIC = NO;
				GCC_NO_COMMON_BLOCKS = YES;
				GCC_OPTIMIZATION_LEVEL = 0;
				GCC_PREPROCESSOR_DEFINITIONS = (
					"DEBUG=1",
					"$(inherited)",
				);
				GCC_WARN_64_TO_32_BIT_CONVERSION = YES;
				GCC_WARN_ABOUT_RETURN_TYPE = YES_ERROR;
				GCC_WARN_UNDECLARED_SELECTOR = YES;
				GCC_WARN_UNINITIALIZED_AUTOS = YES_AGGRESSIVE;
				GCC_WARN_UNUSED_FUNCTION = YES;
				GCC_WARN_UNUSED_VARIABLE = YES;
				IPHONEOS_DEPLOYMENT_TARGET = 15.5;
				MTL_ENABLE_DEBUG_INFO = INCLUDE_SOURCE;
				MTL_FAST_MATH = YES;
				ONLY_ACTIVE_ARCH = YES;
				SDKROOT = iphoneos;
				SWIFT_ACTIVE_COMPILATION_CONDITIONS = DEBUG;
				SWIFT_OPTIMIZATION_LEVEL = "-Onone";
			};
			name = Debug;
		};
		9C775AAD292B03EF0000AABB /* Release */ = {
			isa = XCBuildConfiguration;
			buildSettings = {
				ALWAYS_SEARCH_USER_PATHS = NO;
				CLANG_ANALYZER_NONNULL = YES;
				CLANG_ANALYZER_NUMBER_OBJECT_CONVERSION = YES_AGGRESSIVE;
				CLANG_CXX_LANGUAGE_STANDARD = "gnu++17";
				CLANG_ENABLE_MODULES = YES;
				CLANG_ENABLE_OBJC_ARC = YES;
				CLANG_ENABLE_OBJC_WEAK = YES;
				CLANG_WARN_BLOCK_CAPTURE_AUTORELEASING = YES;
				CLANG_WARN_BOOL_CONVERSION = YES;
				CLANG_WARN_COMMA = YES;
				CLANG_WARN_CONSTANT_CONVERSION = YES;
				CLANG_WARN_DEPRECATED_OBJC_IMPLEMENTATIONS = YES;
				CLANG_WARN_DIRECT_OBJC_ISA_USAGE = YES_ERROR;
				CLANG_WARN_DOCUMENTATION_COMMENTS = YES;
				CLANG_WARN_EMPTY_BODY = YES;
				CLANG_WARN_ENUM_CONVERSION = YES;
				CLANG_WARN_INFINITE_RECURSION = YES;
				CLANG_WARN_INT_CONVERSION = YES;
				CLANG_WARN_NON_LITERAL_NULL_CONVERSION = YES;
				CLANG_WARN_OBJC_IMPLICIT_RETAIN_SELF = YES;
				CLANG_WARN_OBJC_LITERAL_CONVERSION = YES;
				CLANG_WARN_OBJC_ROOT_CLASS = YES_ERROR;
				CLANG_WARN_QUOTED_INCLUDE_IN_FRAMEWORK_HEADER = YES;
				CLANG_WARN_RANGE_LOOP_ANALYSIS = YES;
				CLANG_WARN_STRICT_PROTOTYPES = YES;
				CLANG_WARN_SUSPICIOUS_MOVE = YES;
				CLANG_WARN_UNGUARDED_AVAILABILITY = YES_AGGRESSIVE;
				CLANG_WARN_UNREACHABLE_CODE = YES;
				CLANG_WARN__DUPLICATE_METHOD_MATCH = YES;
				COPY_PHASE_STRIP = NO;
				DEBUG_INFORMATION_FORMAT = "dwarf-with-dsym";
				ENABLE_NS_ASSERTIONS = NO;
				ENABLE_STRICT_OBJC_MSGSEND = YES;
				GCC_C_LANGUAGE_STANDARD = gnu11;
				GCC_NO_COMMON_BLOCKS = YES;
				GCC_WARN_64_TO_32_BIT_CONVERSION = YES;
				GCC_WARN_ABOUT_RETURN_TYPE = YES_ERROR;
				GCC_WARN_UNDECLARED_SELECTOR = YES;
				GCC_WARN_UNINITIALIZED_AUTOS = YES_AGGRESSIVE;
				GCC_WARN_UNUSED_FUNCTION = YES;
				GCC_WARN_UNUSED_VARIABLE = YES;
				IPHONEOS_DEPLOYMENT_TARGET = 15.5;
				MTL_ENABLE_DEBUG_INFO = NO;
				MTL_FAST_MATH = YES;
				SDKROOT = iphoneos;
				SWIFT_COMPILATION_MODE = wholemodule;
				SWIFT_OPTIMIZATION_LEVEL = "-O";
				VALIDATE_PRODUCT = YES;
			};
			name = Release;
		};
		9C775AAF292B03EF0000AABB /* Debug */ = {
			isa = XCBuildConfiguration;
			buildSettings = {
				ASSETCATALOG_COMPILER_APPICON_NAME = AppIcon;
				ASSETCATALOG_COMPILER_GLOBAL_ACCENT_COLOR_NAME = AccentColor;
				CODE_SIGN_STYLE = Automatic;
				CURRENT_PROJECT_VERSION = 1;
				DEVELOPMENT_ASSET_PATHS = "\"CitySights/Preview Content\"";
				ENABLE_PREVIEWS = YES;
				GENERATE_INFOPLIST_FILE = YES;
				INFOPLIST_KEY_NSLocationWhenInUseUsageDescription = "Grant permission to find restaurants and sights near you.";
				INFOPLIST_KEY_UIApplicationSceneManifest_Generation = YES;
				INFOPLIST_KEY_UIApplicationSupportsIndirectInputEvents = YES;
				INFOPLIST_KEY_UILaunchScreen_Generation = YES;
				INFOPLIST_KEY_UISupportedInterfaceOrientations_iPad = "UIInterfaceOrientationPortrait UIInterfaceOrientationPortraitUpsideDown UIInterfaceOrientationLandscapeLeft UIInterfaceOrientationLandscapeRight";
				INFOPLIST_KEY_UISupportedInterfaceOrientations_iPhone = "UIInterfaceOrientationPortrait UIInterfaceOrientationLandscapeLeft UIInterfaceOrientationLandscapeRight";
				LD_RUNPATH_SEARCH_PATHS = (
					"$(inherited)",
					"@executable_path/Frameworks",
				);
				MARKETING_VERSION = 1.0;
				PRODUCT_BUNDLE_IDENTIFIER = linda.CitySights;
				PRODUCT_NAME = "$(TARGET_NAME)";
				SWIFT_EMIT_LOC_STRINGS = YES;
				SWIFT_VERSION = 5.0;
				TARGETED_DEVICE_FAMILY = "1,2";
			};
			name = Debug;
		};
		9C775AB0292B03EF0000AABB /* Release */ = {
			isa = XCBuildConfiguration;
			buildSettings = {
				ASSETCATALOG_COMPILER_APPICON_NAME = AppIcon;
				ASSETCATALOG_COMPILER_GLOBAL_ACCENT_COLOR_NAME = AccentColor;
				CODE_SIGN_STYLE = Automatic;
				CURRENT_PROJECT_VERSION = 1;
				DEVELOPMENT_ASSET_PATHS = "\"CitySights/Preview Content\"";
				ENABLE_PREVIEWS = YES;
				GENERATE_INFOPLIST_FILE = YES;
				INFOPLIST_KEY_NSLocationWhenInUseUsageDescription = "Grant permission to find restaurants and sights near you.";
				INFOPLIST_KEY_UIApplicationSceneManifest_Generation = YES;
				INFOPLIST_KEY_UIApplicationSupportsIndirectInputEvents = YES;
				INFOPLIST_KEY_UILaunchScreen_Generation = YES;
				INFOPLIST_KEY_UISupportedInterfaceOrientations_iPad = "UIInterfaceOrientationPortrait UIInterfaceOrientationPortraitUpsideDown UIInterfaceOrientationLandscapeLeft UIInterfaceOrientationLandscapeRight";
				INFOPLIST_KEY_UISupportedInterfaceOrientations_iPhone = "UIInterfaceOrientationPortrait UIInterfaceOrientationLandscapeLeft UIInterfaceOrientationLandscapeRight";
				LD_RUNPATH_SEARCH_PATHS = (
					"$(inherited)",
					"@executable_path/Frameworks",
				);
				MARKETING_VERSION = 1.0;
				PRODUCT_BUNDLE_IDENTIFIER = linda.CitySights;
				PRODUCT_NAME = "$(TARGET_NAME)";
				SWIFT_EMIT_LOC_STRINGS = YES;
				SWIFT_VERSION = 5.0;
				TARGETED_DEVICE_FAMILY = "1,2";
			};
			name = Release;
		};
/* End XCBuildConfiguration section */

/* Begin XCConfigurationList section */
		9C775A9B292B03ED0000AABB /* Build configuration list for PBXProject "CitySights" */ = {
			isa = XCConfigurationList;
			buildConfigurations = (
				9C775AAC292B03EF0000AABB /* Debug */,
				9C775AAD292B03EF0000AABB /* Release */,
			);
			defaultConfigurationIsVisible = 0;
			defaultConfigurationName = Release;
		};
		9C775AAE292B03EF0000AABB /* Build configuration list for PBXNativeTarget "CitySights" */ = {
			isa = XCConfigurationList;
			buildConfigurations = (
				9C775AAF292B03EF0000AABB /* Debug */,
				9C775AB0292B03EF0000AABB /* Release */,
			);
			defaultConfigurationIsVisible = 0;
			defaultConfigurationName = Release;
		};
/* End XCConfigurationList section */
	};
	rootObject = 9C775A98292B03ED0000AABB /* Project object */;
}
